
Microsoft Visual Studio Solution File, Format Version 12.00
# Visual Studio 15
VisualStudioVersion = 15.0.27130.2027
MinimumVisualStudioVersion = 10.0.40219.1
Project("{FAE04EC0-301F-11D3-BF4B-00C04F79EFBC}") = "PracticaEstructuraConArreglos", "PracticaEstructuraConArreglos\PracticaEstructuraConArreglos.csproj", "{E45896CB-65A8-4188-A6A4-27085C35C898}"
EndProject
Global
	GlobalSection(SolutionConfigurationPlatforms) = preSolution
		Debug|Any CPU = Debug|Any CPU
		Release|Any CPU = Release|Any CPU
	EndGlobalSection
	GlobalSection(ProjectConfigurationPlatforms) = postSolution
		{E45896CB-65A8-4188-A6A4-27085C35C898}.Debug|Any CPU.ActiveCfg = Debug|Any CPU
		{E45896CB-65A8-4188-A6A4-27085C35C898}.Debug|Any CPU.Build.0 = Debug|Any CPU
		{E45896CB-65A8-4188-A6A4-27085C35C898}.Release|Any CPU.ActiveCfg = Release|Any CPU
		{E45896CB-65A8-4188-A6A4-27085C35C898}.Release|Any CPU.Build.0 = Release|Any CPU
	EndGlobalSection
	GlobalSection(SolutionProperties) = preSolution
		HideSolutionNode = FALSE
	EndGlobalSection
	GlobalSection(ExtensibilityGlobals) = postSolution
		SolutionGuid = {5675F38B-5586-402D-A84B-302F53233BFD}
	EndGlobalSection
EndGlobal
